# This file is autogenerated, do not edit; changes may be undone by the next 'dep ensure'.


[[projects]]
  branch = "master"
  name = "github.com/blendlabs/go-exception"
  packages = ["."]
  revision = "04be78b9b2a71cf039fe86cef5221b3d3cb89fd7"

[[projects]]
  branch = "master"
  name = "github.com/golang/freetype"
  packages = ["raster","truetype"]
  revision = "e2365dfdc4a05e4b8299a783240d4a7d5a65d4e4"

[[projects]]
  branch = "master"
  name = "github.com/mjibson/go-dsp"
  packages = ["dsputils","fft","spectral","window"]
  revision = "49dba83727078f13a0e99553e0f8140990115ac9"

[[projects]]
  name = "github.com/wcharczuk/go-chart"
  packages = [".","drawing"]
  revision = "fc2973067ce43455507ea5f9aa9814aabbf8f2ca"
  version = "v2.0"

[[projects]]
  branch = "master"
  name = "golang.org/x/image"
  packages = ["draw","font","math/f64","math/fixed"]
  revision = "e20db36d77bd0cb36cea8fe49d5c37d82d21591f"

[solve-meta]
  analyzer-name = "dep"
  analyzer-version = 1
  inputs-digest = "008ae03962ccbf6038b9bee58d8bdb165547ec611a1be7bc26af5165ade85db5"
  solver-name = "gps-cdcl"
  solver-version = 1
